{"is_source_file": true, "file_id": 30, "git_revision": "472239b18179923e0a055eb63341b53608e952f4", "state": 1, "description": "", "external_files": [], "external_methods": [], "published": [], "classes": [], "methods": [], "calls": [], "search-terms": [], "filename": "/home/kavia/workspace/code-generation/nutritrack-14832-587f56b7/nutritrack/post_process_status.lock", "hash": "e9b4c3b42cef0193b7fddb548d37e652", "format-version": 4, "code-base-name": "default", "knowledge_revision": 68}